// !$*UTF8*$!
{
	archiveVersion = 1;
	classes = {
	};
	objectVersion = 50;
	objects = {

/* Begin PBXBuildFile section */
		4138DDAF17DFDB00CE7AB313 /* Pods_Cards_of_clash_of_clans.framework in Frameworks */ = {isa = PBXBuildFile; fileRef = DB653B465A234ED7589EBC90 /* Pods_Cards_of_clash_of_clans.framework */; };
		7E05649E22F63E9700BBAA1B /* DetailCardVC.swift in Sources */ = {isa = PBXBuildFile; fileRef = 7E05649C22F63E9700BBAA1B /* DetailCardVC.swift */; };
		7E05649F22F63E9700BBAA1B /* DetailCardVC.xib in Resources */ = {isa = PBXBuildFile; fileRef = 7E05649D22F63E9700BBAA1B /* DetailCardVC.xib */; };
		7E0564A222F6606D00BBAA1B /* APIClient.swift in Sources */ = {isa = PBXBuildFile; fileRef = 7E0564A122F6606D00BBAA1B /* APIClient.swift */; };
		7E0564A722F778F800BBAA1B /* CardDecodable.swift in Sources */ = {isa = PBXBuildFile; fileRef = 7E0564A622F778F800BBAA1B /* CardDecodable.swift */; };
		7E0564AB22F77FB500BBAA1B /* ListCardsModel.swift in Sources */ = {isa = PBXBuildFile; fileRef = 7E0564AA22F77FB500BBAA1B /* ListCardsModel.swift */; };
		7E0564AF22F782DF00BBAA1B /* UIViewController+Extension.swift in Sources */ = {isa = PBXBuildFile; fileRef = 7E0564AE22F782DF00BBAA1B /* UIViewController+Extension.swift */; };
		7E0564B122F7841300BBAA1B /* UIAlertController+Extension.swift in Sources */ = {isa = PBXBuildFile; fileRef = 7E0564B022F7841300BBAA1B /* UIAlertController+Extension.swift */; };
		7E0564B522F7885700BBAA1B /* ProgressView.swift in Sources */ = {isa = PBXBuildFile; fileRef = 7E0564B422F7885700BBAA1B /* ProgressView.swift */; };
		7E0564B722F7886E00BBAA1B /* ProgressView.xib in Resources */ = {isa = PBXBuildFile; fileRef = 7E0564B622F7886E00BBAA1B /* ProgressView.xib */; };
		7E0564B922F78A9400BBAA1B /* ComponentViewDelegate.swift in Sources */ = {isa = PBXBuildFile; fileRef = 7E0564B822F78A9400BBAA1B /* ComponentViewDelegate.swift */; };
		7E0564BB22F79B5B00BBAA1B /* ListCardsPresenter.swift in Sources */ = {isa = PBXBuildFile; fileRef = 7E0564BA22F79B5B00BBAA1B /* ListCardsPresenter.swift */; };
		7E0564BD22F7AD8400BBAA1B /* TextsApps.swift in Sources */ = {isa = PBXBuildFile; fileRef = 7E0564BC22F7AD8400BBAA1B /* TextsApps.swift */; };
		7E0564C122F7B20400BBAA1B /* DetailCardModel.swift in Sources */ = {isa = PBXBuildFile; fileRef = 7E0564C022F7B20400BBAA1B /* DetailCardModel.swift */; };
		7E0564C322F7B21200BBAA1B /* DetailCardPresenter.swift in Sources */ = {isa = PBXBuildFile; fileRef = 7E0564C222F7B21200BBAA1B /* DetailCardPresenter.swift */; };
		7E0A8F0922F3EBD800A197BD /* AppDelegate.swift in Sources */ = {isa = PBXBuildFile; fileRef = 7E0A8F0822F3EBD800A197BD /* AppDelegate.swift */; };
		7E0A8F0B22F3EBD800A197BD /* InitialVC.swift in Sources */ = {isa = PBXBuildFile; fileRef = 7E0A8F0A22F3EBD800A197BD /* InitialVC.swift */; };
		7E0A8F0E22F3EBD800A197BD /* Main.storyboard in Resources */ = {isa = PBXBuildFile; fileRef = 7E0A8F0C22F3EBD800A197BD /* Main.storyboard */; };
		7E0A8F1022F3EBD900A197BD /* Assets.xcassets in Resources */ = {isa = PBXBuildFile; fileRef = 7E0A8F0F22F3EBD900A197BD /* Assets.xcassets */; };
		7E0A8F1322F3EBD900A197BD /* LaunchScreen.storyboard in Resources */ = {isa = PBXBuildFile; fileRef = 7E0A8F1122F3EBD900A197BD /* LaunchScreen.storyboard */; };
		7E0A8F1D22F3F39300A197BD /* Debug.xcconfig in Resources */ = {isa = PBXBuildFile; fileRef = 7E0A8F1C22F3F39300A197BD /* Debug.xcconfig */; };
		7E0A8F2A22F3F51A00A197BD /* BaseVC.swift in Sources */ = {isa = PBXBuildFile; fileRef = 7E0A8F2922F3F51A00A197BD /* BaseVC.swift */; };
		7E0A8F2C22F3F54200A197BD /* BaseModel.swift in Sources */ = {isa = PBXBuildFile; fileRef = 7E0A8F2B22F3F54200A197BD /* BaseModel.swift */; };
		7E0A8F2E22F3F55100A197BD /* BasePresenter.swift in Sources */ = {isa = PBXBuildFile; fileRef = 7E0A8F2D22F3F55100A197BD /* BasePresenter.swift */; };
		7E0A8F3222F4025B00A197BD /* ListCardsVC.swift in Sources */ = {isa = PBXBuildFile; fileRef = 7E0A8F3022F4025B00A197BD /* ListCardsVC.swift */; };
		7E0A8F3322F4025B00A197BD /* ListCardsVC.xib in Resources */ = {isa = PBXBuildFile; fileRef = 7E0A8F3122F4025B00A197BD /* ListCardsVC.xib */; };
		7E0A8F3722F4034000A197BD /* CardCell.swift in Sources */ = {isa = PBXBuildFile; fileRef = 7E0A8F3522F4033F00A197BD /* CardCell.swift */; };
		7E0A8F3822F4034000A197BD /* CardCell.xib in Resources */ = {isa = PBXBuildFile; fileRef = 7E0A8F3622F4034000A197BD /* CardCell.xib */; };
/* End PBXBuildFile section */

/* Begin PBXFileReference section */
		4DE339352F65646E2DC40EE3 /* Pods-Cards of clash of clans.debug.xcconfig */ = {isa = PBXFileReference; includeInIndex = 1; lastKnownFileType = text.xcconfig; name = "Pods-Cards of clash of clans.debug.xcconfig"; path = "Pods/Target Support Files/Pods-Cards of clash of clans/Pods-Cards of clash of clans.debug.xcconfig"; sourceTree = "<group>"; };
		5F44B678C23F34167F4AB011 /* Pods-Cards of clash of clans.release.xcconfig */ = {isa = PBXFileReference; includeInIndex = 1; lastKnownFileType = text.xcconfig; name = "Pods-Cards of clash of clans.release.xcconfig"; path = "Pods/Target Support Files/Pods-Cards of clash of clans/Pods-Cards of clash of clans.release.xcconfig"; sourceTree = "<group>"; };
		7E05649C22F63E9700BBAA1B /* DetailCardVC.swift */ = {isa = PBXFileReference; lastKnownFileType = sourcecode.swift; path = DetailCardVC.swift; sourceTree = "<group>"; };
		7E05649D22F63E9700BBAA1B /* DetailCardVC.xib */ = {isa = PBXFileReference; lastKnownFileType = file.xib; path = DetailCardVC.xib; sourceTree = "<group>"; };
		7E0564A122F6606D00BBAA1B /* APIClient.swift */ = {isa = PBXFileReference; lastKnownFileType = sourcecode.swift; path = APIClient.swift; sourceTree = "<group>"; };
		7E0564A622F778F800BBAA1B /* CardDecodable.swift */ = {isa = PBXFileReference; lastKnownFileType = sourcecode.swift; path = CardDecodable.swift; sourceTree = "<group>"; };
		7E0564AA22F77FB500BBAA1B /* ListCardsModel.swift */ = {isa = PBXFileReference; lastKnownFileType = sourcecode.swift; path = ListCardsModel.swift; sourceTree = "<group>"; };
		7E0564AE22F782DF00BBAA1B /* UIViewController+Extension.swift */ = {isa = PBXFileReference; lastKnownFileType = sourcecode.swift; path = "UIViewController+Extension.swift"; sourceTree = "<group>"; };
		7E0564B022F7841300BBAA1B /* UIAlertController+Extension.swift */ = {isa = PBXFileReference; lastKnownFileType = sourcecode.swift; path = "UIAlertController+Extension.swift"; sourceTree = "<group>"; };
		7E0564B422F7885700BBAA1B /* ProgressView.swift */ = {isa = PBXFileReference; lastKnownFileType = sourcecode.swift; path = ProgressView.swift; sourceTree = "<group>"; };
		7E0564B622F7886E00BBAA1B /* ProgressView.xib */ = {isa = PBXFileReference; lastKnownFileType = file.xib; path = ProgressView.xib; sourceTree = "<group>"; };
		7E0564B822F78A9400BBAA1B /* ComponentViewDelegate.swift */ = {isa = PBXFileReference; lastKnownFileType = sourcecode.swift; path = ComponentViewDelegate.swift; sourceTree = "<group>"; };
		7E0564BA22F79B5B00BBAA1B /* ListCardsPresenter.swift */ = {isa = PBXFileReference; lastKnownFileType = sourcecode.swift; path = ListCardsPresenter.swift; sourceTree = "<group>"; };
		7E0564BC22F7AD8400BBAA1B /* TextsApps.swift */ = {isa = PBXFileReference; lastKnownFileType = sourcecode.swift; path = TextsApps.swift; sourceTree = "<group>"; };
		7E0564C022F7B20400BBAA1B /* DetailCardModel.swift */ = {isa = PBXFileReference; lastKnownFileType = sourcecode.swift; path = DetailCardModel.swift; sourceTree = "<group>"; };
		7E0564C222F7B21200BBAA1B /* DetailCardPresenter.swift */ = {isa = PBXFileReference; lastKnownFileType = sourcecode.swift; path = DetailCardPresenter.swift; sourceTree = "<group>"; };
		7E0A8F0522F3EBD800A197BD /* Cards of clash of clans.app */ = {isa = PBXFileReference; explicitFileType = wrapper.application; includeInIndex = 0; path = "Cards of clash of clans.app"; sourceTree = BUILT_PRODUCTS_DIR; };
		7E0A8F0822F3EBD800A197BD /* AppDelegate.swift */ = {isa = PBXFileReference; lastKnownFileType = sourcecode.swift; path = AppDelegate.swift; sourceTree = "<group>"; };
		7E0A8F0A22F3EBD800A197BD /* InitialVC.swift */ = {isa = PBXFileReference; lastKnownFileType = sourcecode.swift; path = InitialVC.swift; sourceTree = "<group>"; };
		7E0A8F0D22F3EBD800A197BD /* Base */ = {isa = PBXFileReference; lastKnownFileType = file.storyboard; name = Base; path = Base.lproj/Main.storyboard; sourceTree = "<group>"; };
		7E0A8F0F22F3EBD900A197BD /* Assets.xcassets */ = {isa = PBXFileReference; lastKnownFileType = folder.assetcatalog; path = Assets.xcassets; sourceTree = "<group>"; };
		7E0A8F1222F3EBD900A197BD /* Base */ = {isa = PBXFileReference; lastKnownFileType = file.storyboard; name = Base; path = Base.lproj/LaunchScreen.storyboard; sourceTree = "<group>"; };
		7E0A8F1422F3EBD900A197BD /* Info.plist */ = {isa = PBXFileReference; lastKnownFileType = text.plist.xml; path = Info.plist; sourceTree = "<group>"; };
		7E0A8F1C22F3F39300A197BD /* Debug.xcconfig */ = {isa = PBXFileReference; lastKnownFileType = text.xcconfig; path = Debug.xcconfig; sourceTree = "<group>"; };
		7E0A8F2922F3F51A00A197BD /* BaseVC.swift */ = {isa = PBXFileReference; lastKnownFileType = sourcecode.swift; path = BaseVC.swift; sourceTree = "<group>"; };
		7E0A8F2B22F3F54200A197BD /* BaseModel.swift */ = {isa = PBXFileReference; lastKnownFileType = sourcecode.swift; path = BaseModel.swift; sourceTree = "<group>"; };
		7E0A8F2D22F3F55100A197BD /* BasePresenter.swift */ = {isa = PBXFileReference; lastKnownFileType = sourcecode.swift; path = BasePresenter.swift; sourceTree = "<group>"; };
		7E0A8F3022F4025B00A197BD /* ListCardsVC.swift */ = {isa = PBXFileReference; lastKnownFileType = sourcecode.swift; path = ListCardsVC.swift; sourceTree = "<group>"; };
		7E0A8F3122F4025B00A197BD /* ListCardsVC.xib */ = {isa = PBXFileReference; lastKnownFileType = file.xib; path = ListCardsVC.xib; sourceTree = "<group>"; };
		7E0A8F3522F4033F00A197BD /* CardCell.swift */ = {isa = PBXFileReference; lastKnownFileType = sourcecode.swift; path = CardCell.swift; sourceTree = "<group>"; };
		7E0A8F3622F4034000A197BD /* CardCell.xib */ = {isa = PBXFileReference; lastKnownFileType = file.xib; path = CardCell.xib; sourceTree = "<group>"; };
		DB653B465A234ED7589EBC90 /* Pods_Cards_of_clash_of_clans.framework */ = {isa = PBXFileReference; explicitFileType = wrapper.framework; includeInIndex = 0; path = Pods_Cards_of_clash_of_clans.framework; sourceTree = BUILT_PRODUCTS_DIR; };
/* End PBXFileReference section */

/* Begin PBXFrameworksBuildPhase section */
		7E0A8F0222F3EBD800A197BD /* Frameworks */ = {
			isa = PBXFrameworksBuildPhase;
			buildActionMask = 2147483647;
			files = (
				4138DDAF17DFDB00CE7AB313 /* Pods_Cards_of_clash_of_clans.framework in Frameworks */,
			);
			runOnlyForDeploymentPostprocessing = 0;
		};
/* End PBXFrameworksBuildPhase section */

/* Begin PBXGroup section */
		4B888B33C084059D559FA704 /* Pods */ = {
			isa = PBXGroup;
			children = (
				4DE339352F65646E2DC40EE3 /* Pods-Cards of clash of clans.debug.xcconfig */,
				5F44B678C23F34167F4AB011 /* Pods-Cards of clash of clans.release.xcconfig */,
			);
			name = Pods;
			sourceTree = "<group>";
		};
		7E05649B22F63E7000BBAA1B /* View */ = {
			isa = PBXGroup;
			children = (
				7E05649C22F63E9700BBAA1B /* DetailCardVC.swift */,
				7E05649D22F63E9700BBAA1B /* DetailCardVC.xib */,
			);
			path = View;
			sourceTree = "<group>";
		};
		7E0564A022F65FDC00BBAA1B /* API */ = {
			isa = PBXGroup;
			children = (
				7E0564A122F6606D00BBAA1B /* APIClient.swift */,
				7E0564A622F778F800BBAA1B /* CardDecodable.swift */,
			);
			path = API;
			sourceTree = "<group>";
		};
		7E0564A822F77F9A00BBAA1B /* Model */ = {
			isa = PBXGroup;
			children = (
				7E0564AA22F77FB500BBAA1B /* ListCardsModel.swift */,
			);
			path = Model;
			sourceTree = "<group>";
		};
		7E0564A922F77FA000BBAA1B /* Presenter */ = {
			isa = PBXGroup;
			children = (
				7E0564BA22F79B5B00BBAA1B /* ListCardsPresenter.swift */,
			);
			path = Presenter;
			sourceTree = "<group>";
		};
		7E0564AC22F782BD00BBAA1B /* UI */ = {
			isa = PBXGroup;
			children = (
				7E0564B222F7880200BBAA1B /* Components */,
				7E0564AD22F782C900BBAA1B /* Extensions */,
			);
			path = UI;
			sourceTree = "<group>";
		};
		7E0564AD22F782C900BBAA1B /* Extensions */ = {
			isa = PBXGroup;
			children = (
				7E0564AE22F782DF00BBAA1B /* UIViewController+Extension.swift */,
				7E0564B022F7841300BBAA1B /* UIAlertController+Extension.swift */,
			);
			path = Extensions;
			sourceTree = "<group>";
		};
		7E0564B222F7880200BBAA1B /* Components */ = {
			isa = PBXGroup;
			children = (
				7E0564B322F7881D00BBAA1B /* ProgressView */,
				7E0564B822F78A9400BBAA1B /* ComponentViewDelegate.swift */,
			);
			path = Components;
			sourceTree = "<group>";
		};
		7E0564B322F7881D00BBAA1B /* ProgressView */ = {
			isa = PBXGroup;
			children = (
				7E0564B422F7885700BBAA1B /* ProgressView.swift */,
				7E0564B622F7886E00BBAA1B /* ProgressView.xib */,
			);
			path = ProgressView;
			sourceTree = "<group>";
		};
		7E0564BE22F7B1E100BBAA1B /* Model */ = {
			isa = PBXGroup;
			children = (
				7E0564C022F7B20400BBAA1B /* DetailCardModel.swift */,
			);
			path = Model;
			sourceTree = "<group>";
		};
		7E0564BF22F7B1E900BBAA1B /* Presenter */ = {
			isa = PBXGroup;
			children = (
				7E0564C222F7B21200BBAA1B /* DetailCardPresenter.swift */,
			);
			path = Presenter;
			sourceTree = "<group>";
		};
		7E0A8EFC22F3EBD800A197BD = {
			isa = PBXGroup;
			children = (
				7E0A8F0722F3EBD800A197BD /* Cards of clash of clans */,
				7E0A8F0622F3EBD800A197BD /* Products */,
				4B888B33C084059D559FA704 /* Pods */,
				9A1D169DABC09E5C385764EF /* Frameworks */,
			);
			sourceTree = "<group>";
		};
		7E0A8F0622F3EBD800A197BD /* Products */ = {
			isa = PBXGroup;
			children = (
				7E0A8F0522F3EBD800A197BD /* Cards of clash of clans.app */,
			);
			name = Products;
			sourceTree = "<group>";
		};
		7E0A8F0722F3EBD800A197BD /* Cards of clash of clans */ = {
			isa = PBXGroup;
			children = (
				7E0564AC22F782BD00BBAA1B /* UI */,
				7E0564A022F65FDC00BBAA1B /* API */,
				7E0A8F1A22F3F1AF00A197BD /* Modules App */,
				7E0A8F1B22F3F36400A197BD /* Resources */,
				7E0A8F0822F3EBD800A197BD /* AppDelegate.swift */,
				7E0A8F1422F3EBD900A197BD /* Info.plist */,
			);
			path = "Cards of clash of clans";
			sourceTree = "<group>";
		};
		7E0A8F1A22F3F1AF00A197BD /* Modules App */ = {
			isa = PBXGroup;
			children = (
				7E0A8F1F22F3F42700A197BD /* Initial */,
				7E0A8F2522F3F4BB00A197BD /* Base */,
				7E0A8F2122F3F44500A197BD /* List Cards */,
				7E0A8F2022F3F43700A197BD /* Detail Card */,
			);
			path = "Modules App";
			sourceTree = "<group>";
		};
		7E0A8F1B22F3F36400A197BD /* Resources */ = {
			isa = PBXGroup;
			children = (
				7E0A8F1C22F3F39300A197BD /* Debug.xcconfig */,
				7E0A8F0F22F3EBD900A197BD /* Assets.xcassets */,
				7E0A8F1E22F3F3FF00A197BD /* Storyboards */,
				7E0564BC22F7AD8400BBAA1B /* TextsApps.swift */,
			);
			path = Resources;
			sourceTree = "<group>";
		};
		7E0A8F1E22F3F3FF00A197BD /* Storyboards */ = {
			isa = PBXGroup;
			children = (
				7E0A8F1122F3EBD900A197BD /* LaunchScreen.storyboard */,
			);
			path = Storyboards;
			sourceTree = "<group>";
		};
		7E0A8F1F22F3F42700A197BD /* Initial */ = {
			isa = PBXGroup;
			children = (
				7E0A8F0A22F3EBD800A197BD /* InitialVC.swift */,
				7E0A8F0C22F3EBD800A197BD /* Main.storyboard */,
			);
			path = Initial;
			sourceTree = "<group>";
		};
		7E0A8F2022F3F43700A197BD /* Detail Card */ = {
			isa = PBXGroup;
			children = (
				7E0564BF22F7B1E900BBAA1B /* Presenter */,
				7E0564BE22F7B1E100BBAA1B /* Model */,
				7E05649B22F63E7000BBAA1B /* View */,
			);
			path = "Detail Card";
			sourceTree = "<group>";
		};
		7E0A8F2122F3F44500A197BD /* List Cards */ = {
			isa = PBXGroup;
			children = (
				7E0564A922F77FA000BBAA1B /* Presenter */,
				7E0564A822F77F9A00BBAA1B /* Model */,
				7E0A8F2F22F4015200A197BD /* View */,
			);
			path = "List Cards";
			sourceTree = "<group>";
		};
		7E0A8F2522F3F4BB00A197BD /* Base */ = {
			isa = PBXGroup;
			children = (
				7E0A8F2822F3F4D700A197BD /* Presenter */,
				7E0A8F2722F3F4CD00A197BD /* Model */,
				7E0A8F2622F3F4C500A197BD /* View */,
			);
			path = Base;
			sourceTree = "<group>";
		};
		7E0A8F2622F3F4C500A197BD /* View */ = {
			isa = PBXGroup;
			children = (
				7E0A8F2922F3F51A00A197BD /* BaseVC.swift */,
			);
			path = View;
			sourceTree = "<group>";
		};
		7E0A8F2722F3F4CD00A197BD /* Model */ = {
			isa = PBXGroup;
			children = (
				7E0A8F2B22F3F54200A197BD /* BaseModel.swift */,
			);
			path = Model;
			sourceTree = "<group>";
		};
		7E0A8F2822F3F4D700A197BD /* Presenter */ = {
			isa = PBXGroup;
			children = (
				7E0A8F2D22F3F55100A197BD /* BasePresenter.swift */,
			);
			path = Presenter;
			sourceTree = "<group>";
		};
		7E0A8F2F22F4015200A197BD /* View */ = {
			isa = PBXGroup;
			children = (
				7E0A8F3422F4032500A197BD /* Cell */,
				7E0A8F3022F4025B00A197BD /* ListCardsVC.swift */,
				7E0A8F3122F4025B00A197BD /* ListCardsVC.xib */,
			);
			path = View;
			sourceTree = "<group>";
		};
		7E0A8F3422F4032500A197BD /* Cell */ = {
			isa = PBXGroup;
			children = (
				7E0A8F3522F4033F00A197BD /* CardCell.swift */,
				7E0A8F3622F4034000A197BD /* CardCell.xib */,
			);
			path = Cell;
			sourceTree = "<group>";
		};
		9A1D169DABC09E5C385764EF /* Frameworks */ = {
			isa = PBXGroup;
			children = (
				DB653B465A234ED7589EBC90 /* Pods_Cards_of_clash_of_clans.framework */,
			);
			name = Frameworks;
			sourceTree = "<group>";
		};
/* End PBXGroup section */

/* Begin PBXNativeTarget section */
		7E0A8F0422F3EBD800A197BD /* Cards of clash of clans */ = {
			isa = PBXNativeTarget;
			buildConfigurationList = 7E0A8F1722F3EBD900A197BD /* Build configuration list for PBXNativeTarget "Cards of clash of clans" */;
			buildPhases = (
				779572F731F36D95B624AE3A /* [CP] Check Pods Manifest.lock */,
				7E0A8F0122F3EBD800A197BD /* Sources */,
				7E0A8F0222F3EBD800A197BD /* Frameworks */,
				7E0A8F0322F3EBD800A197BD /* Resources */,
				4B526EC7553CF7E6C72692C5 /* [CP] Embed Pods Frameworks */,
			);
			buildRules = (
			);
			dependencies = (
			);
			name = "Cards of clash of clans";
			productName = "Cards of clash of clans";
			productReference = 7E0A8F0522F3EBD800A197BD /* Cards of clash of clans.app */;
			productType = "com.apple.product-type.application";
		};
/* End PBXNativeTarget section */

/* Begin PBXProject section */
		7E0A8EFD22F3EBD800A197BD /* Project object */ = {
			isa = PBXProject;
			attributes = {
				LastSwiftUpdateCheck = 1030;
				LastUpgradeCheck = 1030;
				ORGANIZATIONNAME = "Patricia Zambrano";
				TargetAttributes = {
					7E0A8F0422F3EBD800A197BD = {
						CreatedOnToolsVersion = 10.3;
					};
				};
			};
			buildConfigurationList = 7E0A8F0022F3EBD800A197BD /* Build configuration list for PBXProject "Cards of clash of clans" */;
			compatibilityVersion = "Xcode 9.3";
			developmentRegion = en;
			hasScannedForEncodings = 0;
			knownRegions = (
				en,
				Base,
			);
			mainGroup = 7E0A8EFC22F3EBD800A197BD;
			productRefGroup = 7E0A8F0622F3EBD800A197BD /* Products */;
			projectDirPath = "";
			projectRoot = "";
			targets = (
				7E0A8F0422F3EBD800A197BD /* Cards of clash of clans */,
			);
		};
/* End PBXProject section */

/* Begin PBXResourcesBuildPhase section */
		7E0A8F0322F3EBD800A197BD /* Resources */ = {
			isa = PBXResourcesBuildPhase;
			buildActionMask = 2147483647;
			files = (
				7E0A8F1D22F3F39300A197BD /* Debug.xcconfig in Resources */,
				7E0564B722F7886E00BBAA1B /* ProgressView.xib in Resources */,
				7E0A8F3822F4034000A197BD /* CardCell.xib in Resources */,
				7E05649F22F63E9700BBAA1B /* DetailCardVC.xib in Resources */,
				7E0A8F1322F3EBD900A197BD /* LaunchScreen.storyboard in Resources */,
				7E0A8F1022F3EBD900A197BD /* Assets.xcassets in Resources */,
				7E0A8F3322F4025B00A197BD /* ListCardsVC.xib in Resources */,
				7E0A8F0E22F3EBD800A197BD /* Main.storyboard in Resources */,
			);
			runOnlyForDeploymentPostprocessing = 0;
		};
/* End PBXResourcesBuildPhase section */

/* Begin PBXShellScriptBuildPhase section */
		4B526EC7553CF7E6C72692C5 /* [CP] Embed Pods Frameworks */ = {
			isa = PBXShellScriptBuildPhase;
			buildActionMask = 2147483647;
			files = (
			);
			inputPaths = (
				"${SRCROOT}/Pods/Target Support Files/Pods-Cards of clash of clans/Pods-Cards of clash of clans-frameworks.sh",
				"${BUILT_PRODUCTS_DIR}/Alamofire/Alamofire.framework",
			);
			name = "[CP] Embed Pods Frameworks";
			outputPaths = (
				"${TARGET_BUILD_DIR}/${FRAMEWORKS_FOLDER_PATH}/Alamofire.framework",
			);
			runOnlyForDeploymentPostprocessing = 0;
			shellPath = /bin/sh;
			shellScript = "\"${SRCROOT}/Pods/Target Support Files/Pods-Cards of clash of clans/Pods-Cards of clash of clans-frameworks.sh\"\n";
			showEnvVarsInLog = 0;
		};
		779572F731F36D95B624AE3A /* [CP] Check Pods Manifest.lock */ = {
			isa = PBXShellScriptBuildPhase;
			buildActionMask = 2147483647;
			files = (
			);
			inputPaths = (
				"${PODS_PODFILE_DIR_PATH}/Podfile.lock",
				"${PODS_ROOT}/Manifest.lock",
			);
			name = "[CP] Check Pods Manifest.lock";
			outputPaths = (
				"$(DERIVED_FILE_DIR)/Pods-Cards of clash of clans-checkManifestLockResult.txt",
			);
			runOnlyForDeploymentPostprocessing = 0;
			shellPath = /bin/sh;
			shellScript = "diff \"${PODS_PODFILE_DIR_PATH}/Podfile.lock\" \"${PODS_ROOT}/Manifest.lock\" > /dev/null\nif [ $? != 0 ] ; then\n    # print error to STDERR\n    echo \"error: The sandbox is not in sync with the Podfile.lock. Run 'pod install' or update your CocoaPods installation.\" >&2\n    exit 1\nfi\n# This output is used by Xcode 'outputs' to avoid re-running this script phase.\necho \"SUCCESS\" > \"${SCRIPT_OUTPUT_FILE_0}\"\n";
			showEnvVarsInLog = 0;
		};
/* End PBXShellScriptBuildPhase section */

/* Begin PBXSourcesBuildPhase section */
		7E0A8F0122F3EBD800A197BD /* Sources */ = {
			isa = PBXSourcesBuildPhase;
			buildActionMask = 2147483647;
			files = (
				7E0564C322F7B21200BBAA1B /* DetailCardPresenter.swift in Sources */,
				7E0564B922F78A9400BBAA1B /* ComponentViewDelegate.swift in Sources */,
				7E0564AF22F782DF00BBAA1B /* UIViewController+Extension.swift in Sources */,
				7E0A8F3722F4034000A197BD /* CardCell.swift in Sources */,
				7E0A8F3222F4025B00A197BD /* ListCardsVC.swift in Sources */,
				7E0564BB22F79B5B00BBAA1B /* ListCardsPresenter.swift in Sources */,
				7E0A8F0B22F3EBD800A197BD /* InitialVC.swift in Sources */,
				7E05649E22F63E9700BBAA1B /* DetailCardVC.swift in Sources */,
				7E0564BD22F7AD8400BBAA1B /* TextsApps.swift in Sources */,
				7E0564C122F7B20400BBAA1B /* DetailCardModel.swift in Sources */,
				7E0A8F2E22F3F55100A197BD /* BasePresenter.swift in Sources */,
				7E0A8F2A22F3F51A00A197BD /* BaseVC.swift in Sources */,
				7E0A8F2C22F3F54200A197BD /* BaseModel.swift in Sources */,
				7E0564B122F7841300BBAA1B /* UIAlertController+Extension.swift in Sources */,
				7E0A8F0922F3EBD800A197BD /* AppDelegate.swift in Sources */,
				7E0564A222F6606D00BBAA1B /* APIClient.swift in Sources */,
				7E0564B522F7885700BBAA1B /* ProgressView.swift in Sources */,
				7E0564A722F778F800BBAA1B /* CardDecodable.swift in Sources */,
				7E0564AB22F77FB500BBAA1B /* ListCardsModel.swift in Sources */,
			);
			runOnlyForDeploymentPostprocessing = 0;
		};
/* End PBXSourcesBuildPhase section */

/* Begin PBXVariantGroup section */
		7E0A8F0C22F3EBD800A197BD /* Main.storyboard */ = {
			isa = PBXVariantGroup;
			children = (
				7E0A8F0D22F3EBD800A197BD /* Base */,
			);
			name = Main.storyboard;
			sourceTree = "<group>";
		};
		7E0A8F1122F3EBD900A197BD /* LaunchScreen.storyboard */ = {
			isa = PBXVariantGroup;
			children = (
				7E0A8F1222F3EBD900A197BD /* Base */,
			);
			name = LaunchScreen.storyboard;
			sourceTree = "<group>";
		};
/* End PBXVariantGroup section */

/* Begin XCBuildConfiguration section */
		7E0A8F1522F3EBD900A197BD /* Debug */ = {
			isa = XCBuildConfiguration;
			baseConfigurationReference = 7E0A8F1C22F3F39300A197BD /* Debug.xcconfig */;
			buildSettings = {
				ALWAYS_SEARCH_USER_PATHS = NO;
				CLANG_ANALYZER_NONNULL = YES;
				CLANG_ANALYZER_NUMBER_OBJECT_CONVERSION = YES_AGGRESSIVE;
				CLANG_CXX_LANGUAGE_STANDARD = "gnu++14";
				CLANG_CXX_LIBRARY = "libc++";
				CLANG_ENABLE_MODULES = YES;
				CLANG_ENABLE_OBJC_ARC = YES;
				CLANG_ENABLE_OBJC_WEAK = YES;
				CLANG_WARN_BLOCK_CAPTURE_AUTORELEASING = YES;
				CLANG_WARN_BOOL_CONVERSION = YES;
				CLANG_WARN_COMMA = YES;
				CLANG_WARN_CONSTANT_CONVERSION = YES;
				CLANG_WARN_DEPRECATED_OBJC_IMPLEMENTATIONS = YES;
				CLANG_WARN_DIRECT_OBJC_ISA_USAGE = YES_ERROR;
				CLANG_WARN_DOCUMENTATION_COMMENTS = YES;
				CLANG_WARN_EMPTY_BODY = YES;
				CLANG_WARN_ENUM_CONVERSION = YES;
				CLANG_WARN_INFINITE_RECURSION = YES;
				CLANG_WARN_INT_CONVERSION = YES;
				CLANG_WARN_NON_LITERAL_NULL_CONVERSION = YES;
				CLANG_WARN_OBJC_IMPLICIT_RETAIN_SELF = YES;
				CLANG_WARN_OBJC_LITERAL_CONVERSION = YES;
				CLANG_WARN_OBJC_ROOT_CLASS = YES_ERROR;
				CLANG_WARN_RANGE_LOOP_ANALYSIS = YES;
				CLANG_WARN_STRICT_PROTOTYPES = YES;
				CLANG_WARN_SUSPICIOUS_MOVE = YES;
				CLANG_WARN_UNGUARDED_AVAILABILITY = YES_AGGRESSIVE;
				CLANG_WARN_UNREACHABLE_CODE = YES;
				CLANG_WARN__DUPLICATE_METHOD_MATCH = YES;
				CODE_SIGN_IDENTITY = "iPhone Developer";
				COPY_PHASE_STRIP = NO;
				DEBUG_INFORMATION_FORMAT = dwarf;
				ENABLE_STRICT_OBJC_MSGSEND = YES;
				ENABLE_TESTABILITY = YES;
				GCC_C_LANGUAGE_STANDARD = gnu11;
				GCC_DYNAMIC_NO_PIC = NO;
				GCC_NO_COMMON_BLOCKS = YES;
				GCC_OPTIMIZATION_LEVEL = 0;
				GCC_PREPROCESSOR_DEFINITIONS = (
					"DEBUG=1",
					"$(inherited)",
				);
				GCC_WARN_64_TO_32_BIT_CONVERSION = YES;
				GCC_WARN_ABOUT_RETURN_TYPE = YES_ERROR;
				GCC_WARN_UNDECLARED_SELECTOR = YES;
				GCC_WARN_UNINITIALIZED_AUTOS = YES_AGGRESSIVE;
				GCC_WARN_UNUSED_FUNCTION = YES;
				GCC_WARN_UNUSED_VARIABLE = YES;
				IPHONEOS_DEPLOYMENT_TARGET = 12.4;
				MTL_ENABLE_DEBUG_INFO = INCLUDE_SOURCE;
				MTL_FAST_MATH = YES;
				ONLY_ACTIVE_ARCH = YES;
				SDKROOT = iphoneos;
				SWIFT_ACTIVE_COMPILATION_CONDITIONS = DEBUG;
				SWIFT_OPTIMIZATION_LEVEL = "-Onone";
			};
			name = Debug;
		};
		7E0A8F1622F3EBD900A197BD /* Release */ = {
			isa = XCBuildConfiguration;
			baseConfigurationReference = 7E0A8F1C22F3F39300A197BD /* Debug.xcconfig */;
			buildSettings = {
				ALWAYS_SEARCH_USER_PATHS = NO;
				CLANG_ANALYZER_NONNULL = YES;
				CLANG_ANALYZER_NUMBER_OBJECT_CONVERSION = YES_AGGRESSIVE;
				CLANG_CXX_LANGUAGE_STANDARD = "gnu++14";
				CLANG_CXX_LIBRARY = "libc++";
				CLANG_ENABLE_MODULES = YES;
				CLANG_ENABLE_OBJC_ARC = YES;
				CLANG_ENABLE_OBJC_WEAK = YES;
				CLANG_WARN_BLOCK_CAPTURE_AUTORELEASING = YES;
				CLANG_WARN_BOOL_CONVERSION = YES;
				CLANG_WARN_COMMA = YES;
				CLANG_WARN_CONSTANT_CONVERSION = YES;
				CLANG_WARN_DEPRECATED_OBJC_IMPLEMENTATIONS = YES;
				CLANG_WARN_DIRECT_OBJC_ISA_USAGE = YES_ERROR;
				CLANG_WARN_DOCUMENTATION_COMMENTS = YES;
				CLANG_WARN_EMPTY_BODY = YES;
				CLANG_WARN_ENUM_CONVERSION = YES;
				CLANG_WARN_INFINITE_RECURSION = YES;
				CLANG_WARN_INT_CONVERSION = YES;
				CLANG_WARN_NON_LITERAL_NULL_CONVERSION = YES;
				CLANG_WARN_OBJC_IMPLICIT_RETAIN_SELF = YES;
				CLANG_WARN_OBJC_LITERAL_CONVERSION = YES;
				CLANG_WARN_OBJC_ROOT_CLASS = YES_ERROR;
				CLANG_WARN_RANGE_LOOP_ANALYSIS = YES;
				CLANG_WARN_STRICT_PROTOTYPES = YES;
				CLANG_WARN_SUSPICIOUS_MOVE = YES;
				CLANG_WARN_UNGUARDED_AVAILABILITY = YES_AGGRESSIVE;
				CLANG_WARN_UNREACHABLE_CODE = YES;
				CLANG_WARN__DUPLICATE_METHOD_MATCH = YES;
				CODE_SIGN_IDENTITY = "iPhone Developer";
				COPY_PHASE_STRIP = NO;
				DEBUG_INFORMATION_FORMAT = "dwarf-with-dsym";
				ENABLE_NS_ASSERTIONS = NO;
				ENABLE_STRICT_OBJC_MSGSEND = YES;
				GCC_C_LANGUAGE_STANDARD = gnu11;
				GCC_NO_COMMON_BLOCKS = YES;
				GCC_WARN_64_TO_32_BIT_CONVERSION = YES;
				GCC_WARN_ABOUT_RETURN_TYPE = YES_ERROR;
				GCC_WARN_UNDECLARED_SELECTOR = YES;
				GCC_WARN_UNINITIALIZED_AUTOS = YES_AGGRESSIVE;
				GCC_WARN_UNUSED_FUNCTION = YES;
				GCC_WARN_UNUSED_VARIABLE = YES;
				IPHONEOS_DEPLOYMENT_TARGET = 12.4;
				MTL_ENABLE_DEBUG_INFO = NO;
				MTL_FAST_MATH = YES;
				SDKROOT = iphoneos;
				SWIFT_COMPILATION_MODE = wholemodule;
				SWIFT_OPTIMIZATION_LEVEL = "-O";
				VALIDATE_PRODUCT = YES;
			};
			name = Release;
		};
		7E0A8F1822F3EBD900A197BD /* Debug */ = {
			isa = XCBuildConfiguration;
			baseConfigurationReference = 4DE339352F65646E2DC40EE3 /* Pods-Cards of clash of clans.debug.xcconfig */;
			buildSettings = {
				ASSETCATALOG_COMPILER_APPICON_NAME = AppIcon;
				CODE_SIGN_STYLE = Automatic;
				DEVELOPMENT_TEAM = LYBYKML8WP;
				INFOPLIST_FILE = "Cards of clash of clans/Info.plist";
				LD_RUNPATH_SEARCH_PATHS = (
					"$(inherited)",
					"@executable_path/Frameworks",
				);
				PRODUCT_BUNDLE_IDENTIFIER = "com.novopayment.Cards-of-clash-of-clans";
				PRODUCT_NAME = "$(TARGET_NAME)";
				SWIFT_VERSION = 5.0;
				TARGETED_DEVICE_FAMILY = "1,2";
			};
			name = Debug;
		};
		7E0A8F1922F3EBD900A197BD /* Release */ = {
			isa = XCBuildConfiguration;
			baseConfigurationReference = 5F44B678C23F34167F4AB011 /* Pods-Cards of clash of clans.release.xcconfig */;
			buildSettings = {
				ASSETCATALOG_COMPILER_APPICON_NAME = AppIcon;
				CODE_SIGN_STYLE = Automatic;
				DEVELOPMENT_TEAM = LYBYKML8WP;
				INFOPLIST_FILE = "Cards of clash of clans/Info.plist";
				LD_RUNPATH_SEARCH_PATHS = (
					"$(inherited)",
					"@executable_path/Frameworks",
				);
				PRODUCT_BUNDLE_IDENTIFIER = "com.novopayment.Cards-of-clash-of-clans";
				PRODUCT_NAME = "$(TARGET_NAME)";
				SWIFT_VERSION = 5.0;
				TARGETED_DEVICE_FAMILY = "1,2";
			};
			name = Release;
		};
/* End XCBuildConfiguration section */

/* Begin XCConfigurationList section */
		7E0A8F0022F3EBD800A197BD /* Build configuration list for PBXProject "Cards of clash of clans" */ = {
			isa = XCConfigurationList;
			buildConfigurations = (
				7E0A8F1522F3EBD900A197BD /* Debug */,
				7E0A8F1622F3EBD900A197BD /* Release */,
			);
			defaultConfigurationIsVisible = 0;
			defaultConfigurationName = Release;
		};
		7E0A8F1722F3EBD900A197BD /* Build configuration list for PBXNativeTarget "Cards of clash of clans" */ = {
			isa = XCConfigurationList;
			buildConfigurations = (
				7E0A8F1822F3EBD900A197BD /* Debug */,
				7E0A8F1922F3EBD900A197BD /* Release */,
			);
			defaultConfigurationIsVisible = 0;
			defaultConfigurationName = Release;
		};
/* End XCConfigurationList section */
	};
	rootObject = 7E0A8EFD22F3EBD800A197BD /* Project object */;
}
